lockfileVersion: '9.0'

settings:
  autoInstallPeers: true
  excludeLinksFromLockfile: false

importers:

  .:
    devDependencies:
      aws-cdk:
        specifier: ^2.0.0
        version: 2.1128.0
      aws-cdk-lib:
        specifier: ^2.0.0
        version: 2.260.0(constructs@10.6.0)
      constructs:
        specifier: ^10.0.0
        version: 10.6.0

packages:

  '@aws-cdk/asset-awscli-v1@2.2.282':
    resolution: {integrity: sha512-7hKMi5tTxDcKGIMIOq14PnY0GBcugW33Uh/2YHDZiEwSxLeFOCYBwhR+BFXONb/EJeVI3RETFgailNZbkcKF6g==}

  '@aws-cdk/asset-node-proxy-agent-v6@2.1.2':
    resolution: {integrity: sha512-pDiuqH+qY3zM9lhhLjbKJ1tnKOHzQ2V4Wr/3qsxyKeKAkuPMI/BVGvZG1PbrikUw949cGVTfVEt4ETKKYnrj0Q==}

  '@aws-cdk/cloud-assembly-schema@54.4.0':
    resolution: {integrity: sha512-v04S/TkvlL+/SWw5BoBYy0XaCQCNdcgELmN2ACJqEbGxzCEzzFcTQNE8WH/6j0c+uKkOXXsdoCG0/3Z73BqzDQ==}
    engines: {node: '>= 18.0.0'}
    bundledDependencies:
      - jsonschema
      - semver

  aws-cdk-lib@2.260.0:
    resolution: {integrity: sha512-2PPG+hbPDot8+ibkb5Jl9y3OY5rBE6TFwjzOi+yEyU4ZG6u8bM4DDKhhBi/S20NqqSFDso9rH1txVJAdwXNiuQ==}
    engines: {node: '>= 20.0.0'}
    peerDependencies:
      constructs: ^10.5.0
    bundledDependencies:
      - '@balena/dockerignore'
      - '@aws-cdk/cloud-assembly-api'
      - case
      - fs-extra
      - ignore
      - jsonschema
      - minimatch
      - punycode
      - semver
      - table
      - yaml
      - mime-types

  aws-cdk@2.1128.0:
    resolution: {integrity: sha512-CXPl6Yu0gDqrS2GYDPoMCQbdJFS0tupzN8nuaTku3fewTdQJhHGK/2QpwMV/mVgsTTHB9riXT3Zt/k4trh8tCw==}
    engines: {node: '>= 18.0.0'}
    hasBin: true

  constructs@10.6.0:
    resolution: {integrity: sha512-TxHOnBO5zMo/G76ykzGF/wMpEHu257TbWiIxP9K0Yv/+t70UzgBQiTqjkAsWOPC6jW91DzJI0+ehQV6xDRNBuQ==}

snapshots:

  '@aws-cdk/asset-awscli-v1@2.2.282': {}

  '@aws-cdk/asset-node-proxy-agent-v6@2.1.2': {}

  '@aws-cdk/cloud-assembly-schema@54.4.0': {}

  aws-cdk-lib@2.260.0(constructs@10.6.0):
    dependencies:
      '@aws-cdk/asset-awscli-v1': 2.2.282
      '@aws-cdk/asset-node-proxy-agent-v6': 2.1.2
      '@aws-cdk/cloud-assembly-schema': 54.4.0
      constructs: 10.6.0

  aws-cdk@2.1128.0: {}

  constructs@10.6.0: {}
